
Microsoft Visual Studio Solution File, Format Version 12.00
# Visual Studio Version 17
VisualStudioVersion = 17.13.35825.156 d17.13
MinimumVisualStudioVersion = 10.0.40219.1
Project("{FAE04EC0-301F-11D3-BF4B-00C04F79EFBC}") = "CSharpAdvancedQuestions", "CSharpAdvancedQuestions.csproj", "{EEC11661-67B9-4185-B57D-B1A437B6657F}"
EndProject
Global
	GlobalSection(SolutionConfigurationPlatforms) = preSolution
		Debug|Any CPU = Debug|Any CPU
		Release|Any CPU = Release|Any CPU
	EndGlobalSection
	GlobalSection(ProjectConfigurationPlatforms) = postSolution
		{EEC11661-67B9-4185-B57D-B1A437B6657F}.Debug|Any CPU.ActiveCfg = Debug|Any CPU
		{EEC11661-67B9-4185-B57D-B1A437B6657F}.Debug|Any CPU.Build.0 = Debug|Any CPU
		{EEC11661-67B9-4185-B57D-B1A437B6657F}.Release|Any CPU.ActiveCfg = Release|Any CPU
		{EEC11661-67B9-4185-B57D-B1A437B6657F}.Release|Any CPU.Build.0 = Release|Any CPU
	EndGlobalSection
	GlobalSection(SolutionProperties) = preSolution
		HideSolutionNode = FALSE
	EndGlobalSection
	GlobalSection(ExtensibilityGlobals) = postSolution
		SolutionGuid = {575D170D-7894-45FE-A50A-E5BA6EBD042F}
	EndGlobalSection
EndGlobal
